// !$*UTF8*$!
{
	archiveVersion = 1;
	classes = {
	};
	objectVersion = 48;
	objects = {

/* Begin PBXBuildFile section */
		B32565C420F4A90B009E5C68 /* SwiftPullToRefresh.framework in Frameworks */ = {isa = PBXBuildFile; fileRef = B34182D71FE943AD001AD3A3 /* SwiftPullToRefresh.framework */; };
		B32565C520F4A90B009E5C68 /* SwiftPullToRefresh.framework in Embed Frameworks */ = {isa = PBXBuildFile; fileRef = B34182D71FE943AD001AD3A3 /* SwiftPullToRefresh.framework */; settings = {ATTRIBUTES = (CodeSignOnCopy, RemoveHeadersOnCopy, ); }; };
		B32565CA20F4AD09009E5C68 /* UIView+Extensions.swift in Sources */ = {isa = PBXBuildFile; fileRef = B32565C920F4AD09009E5C68 /* UIView+Extensions.swift */; };
		B34182DC1FE943AD001AD3A3 /* SwiftPullToRefresh.h in Headers */ = {isa = PBXBuildFile; fileRef = B34182DA1FE943AD001AD3A3 /* SwiftPullToRefresh.h */; settings = {ATTRIBUTES = (Public, ); }; };
		B34182E91FE94431001AD3A3 /* AppDelegate.swift in Sources */ = {isa = PBXBuildFile; fileRef = B34182E81FE94431001AD3A3 /* AppDelegate.swift */; };
		B34182EB1FE94431001AD3A3 /* ViewController.swift in Sources */ = {isa = PBXBuildFile; fileRef = B34182EA1FE94431001AD3A3 /* ViewController.swift */; };
		B34182EE1FE94431001AD3A3 /* Main.storyboard in Resources */ = {isa = PBXBuildFile; fileRef = B34182EC1FE94431001AD3A3 /* Main.storyboard */; };
		B34182F01FE94431001AD3A3 /* Assets.xcassets in Resources */ = {isa = PBXBuildFile; fileRef = B34182EF1FE94431001AD3A3 /* Assets.xcassets */; };
		B34182F31FE94431001AD3A3 /* LaunchScreen.storyboard in Resources */ = {isa = PBXBuildFile; fileRef = B34182F11FE94431001AD3A3 /* LaunchScreen.storyboard */; };
		B34182F91FE944A2001AD3A3 /* UIScrollView+Extensions.swift in Sources */ = {isa = PBXBuildFile; fileRef = B34182F81FE944A2001AD3A3 /* UIScrollView+Extensions.swift */; };
		B34182FB1FE94572001AD3A3 /* RefreshView.swift in Sources */ = {isa = PBXBuildFile; fileRef = B34182FA1FE94572001AD3A3 /* RefreshView.swift */; };
		B34182FF1FE94A98001AD3A3 /* TestViewController.swift in Sources */ = {isa = PBXBuildFile; fileRef = B34182FE1FE94A98001AD3A3 /* TestViewController.swift */; };
		B3BD3ABB1FEBA53B0027AAF5 /* IndicatorAutoFooter.swift in Sources */ = {isa = PBXBuildFile; fileRef = B3BD3ABA1FEBA53B0027AAF5 /* IndicatorAutoFooter.swift */; };
		B3BD3ABD1FEBA6AD0027AAF5 /* TextAutoFooter.swift in Sources */ = {isa = PBXBuildFile; fileRef = B3BD3ABC1FEBA6AD0027AAF5 /* TextAutoFooter.swift */; };
		B3C3A6251FEA9C5000C1E49E /* IndicatorView.swift in Sources */ = {isa = PBXBuildFile; fileRef = B3C3A6241FEA9C5000C1E49E /* IndicatorView.swift */; };
		B3C3A6271FEAAEC500C1E49E /* TextView.swift in Sources */ = {isa = PBXBuildFile; fileRef = B3C3A6261FEAAEC500C1E49E /* TextView.swift */; };
		B3C4C4571FEB8E2A009A8A5E /* GIFHeader.swift in Sources */ = {isa = PBXBuildFile; fileRef = B3C4C4561FEB8E2A009A8A5E /* GIFHeader.swift */; };
		B3C4C45A1FEB93A9009A8A5E /* demo-small.gif in Resources */ = {isa = PBXBuildFile; fileRef = B3C4C4581FEB93A9009A8A5E /* demo-small.gif */; };
		B3C4C45B1FEB93A9009A8A5E /* demo-big.gif in Resources */ = {isa = PBXBuildFile; fileRef = B3C4C4591FEB93A9009A8A5E /* demo-big.gif */; };
		B3D6CBB91FEB9591005D231C /* GIFTextHeader.swift in Sources */ = {isa = PBXBuildFile; fileRef = B3D6CBB81FEB9591005D231C /* GIFTextHeader.swift */; };
		B3D6CBBB1FEB977F005D231C /* SuperCatHeader.swift in Sources */ = {isa = PBXBuildFile; fileRef = B3D6CBBA1FEB977F005D231C /* SuperCatHeader.swift */; };
/* End PBXBuildFile section */

/* Begin PBXContainerItemProxy section */
		B32565C620F4A90B009E5C68 /* PBXContainerItemProxy */ = {
			isa = PBXContainerItemProxy;
			containerPortal = B34182CE1FE943AD001AD3A3 /* Project object */;
			proxyType = 1;
			remoteGlobalIDString = B34182D61FE943AD001AD3A3;
			remoteInfo = SwiftPullToRefresh;
		};
/* End PBXContainerItemProxy section */

/* Begin PBXCopyFilesBuildPhase section */
		B32565C820F4A90B009E5C68 /* Embed Frameworks */ = {
			isa = PBXCopyFilesBuildPhase;
			buildActionMask = 2147483647;
			dstPath = "";
			dstSubfolderSpec = 10;
			files = (
				B32565C520F4A90B009E5C68 /* SwiftPullToRefresh.framework in Embed Frameworks */,
			);
			name = "Embed Frameworks";
			runOnlyForDeploymentPostprocessing = 0;
		};
/* End PBXCopyFilesBuildPhase section */

/* Begin PBXFileReference section */
		B32565C920F4AD09009E5C68 /* UIView+Extensions.swift */ = {isa = PBXFileReference; lastKnownFileType = sourcecode.swift; path = "UIView+Extensions.swift"; sourceTree = "<group>"; };
		B34182D71FE943AD001AD3A3 /* SwiftPullToRefresh.framework */ = {isa = PBXFileReference; explicitFileType = wrapper.framework; includeInIndex = 0; path = SwiftPullToRefresh.framework; sourceTree = BUILT_PRODUCTS_DIR; };
		B34182DA1FE943AD001AD3A3 /* SwiftPullToRefresh.h */ = {isa = PBXFileReference; lastKnownFileType = sourcecode.c.h; path = SwiftPullToRefresh.h; sourceTree = "<group>"; };
		B34182DB1FE943AD001AD3A3 /* Info.plist */ = {isa = PBXFileReference; lastKnownFileType = text.plist.xml; path = Info.plist; sourceTree = "<group>"; };
		B34182E61FE94431001AD3A3 /* SwiftPullToRefreshDemo.app */ = {isa = PBXFileReference; explicitFileType = wrapper.application; includeInIndex = 0; path = SwiftPullToRefreshDemo.app; sourceTree = BUILT_PRODUCTS_DIR; };
		B34182E81FE94431001AD3A3 /* AppDelegate.swift */ = {isa = PBXFileReference; lastKnownFileType = sourcecode.swift; path = AppDelegate.swift; sourceTree = "<group>"; };
		B34182EA1FE94431001AD3A3 /* ViewController.swift */ = {isa = PBXFileReference; lastKnownFileType = sourcecode.swift; path = ViewController.swift; sourceTree = "<group>"; };
		B34182ED1FE94431001AD3A3 /* Base */ = {isa = PBXFileReference; lastKnownFileType = file.storyboard; name = Base; path = Base.lproj/Main.storyboard; sourceTree = "<group>"; };
		B34182EF1FE94431001AD3A3 /* Assets.xcassets */ = {isa = PBXFileReference; lastKnownFileType = folder.assetcatalog; path = Assets.xcassets; sourceTree = "<group>"; };
		B34182F21FE94431001AD3A3 /* Base */ = {isa = PBXFileReference; lastKnownFileType = file.storyboard; name = Base; path = Base.lproj/LaunchScreen.storyboard; sourceTree = "<group>"; };
		B34182F41FE94431001AD3A3 /* Info.plist */ = {isa = PBXFileReference; lastKnownFileType = text.plist.xml; path = Info.plist; sourceTree = "<group>"; };
		B34182F81FE944A2001AD3A3 /* UIScrollView+Extensions.swift */ = {isa = PBXFileReference; lastKnownFileType = sourcecode.swift; path = "UIScrollView+Extensions.swift"; sourceTree = "<group>"; };
		B34182FA1FE94572001AD3A3 /* RefreshView.swift */ = {isa = PBXFileReference; lastKnownFileType = sourcecode.swift; path = RefreshView.swift; sourceTree = "<group>"; };
		B34182FE1FE94A98001AD3A3 /* TestViewController.swift */ = {isa = PBXFileReference; lastKnownFileType = sourcecode.swift; path = TestViewController.swift; sourceTree = "<group>"; };
		B3BD3ABA1FEBA53B0027AAF5 /* IndicatorAutoFooter.swift */ = {isa = PBXFileReference; lastKnownFileType = sourcecode.swift; path = IndicatorAutoFooter.swift; sourceTree = "<group>"; };
		B3BD3ABC1FEBA6AD0027AAF5 /* TextAutoFooter.swift */ = {isa = PBXFileReference; lastKnownFileType = sourcecode.swift; path = TextAutoFooter.swift; sourceTree = "<group>"; };
		B3C3A6241FEA9C5000C1E49E /* IndicatorView.swift */ = {isa = PBXFileReference; lastKnownFileType = sourcecode.swift; path = IndicatorView.swift; sourceTree = "<group>"; };
		B3C3A6261FEAAEC500C1E49E /* TextView.swift */ = {isa = PBXFileReference; lastKnownFileType = sourcecode.swift; path = TextView.swift; sourceTree = "<group>"; };
		B3C4C4561FEB8E2A009A8A5E /* GIFHeader.swift */ = {isa = PBXFileReference; lastKnownFileType = sourcecode.swift; path = GIFHeader.swift; sourceTree = "<group>"; };
		B3C4C4581FEB93A9009A8A5E /* demo-small.gif */ = {isa = PBXFileReference; lastKnownFileType = image.gif; path = "demo-small.gif"; sourceTree = "<group>"; };
		B3C4C4591FEB93A9009A8A5E /* demo-big.gif */ = {isa = PBXFileReference; lastKnownFileType = image.gif; path = "demo-big.gif"; sourceTree = "<group>"; };
		B3D6CBB81FEB9591005D231C /* GIFTextHeader.swift */ = {isa = PBXFileReference; lastKnownFileType = sourcecode.swift; path = GIFTextHeader.swift; sourceTree = "<group>"; };
		B3D6CBBA1FEB977F005D231C /* SuperCatHeader.swift */ = {isa = PBXFileReference; lastKnownFileType = sourcecode.swift; path = SuperCatHeader.swift; sourceTree = "<group>"; };
/* End PBXFileReference section */

/* Begin PBXFrameworksBuildPhase section */
		B34182D31FE943AD001AD3A3 /* Frameworks */ = {
			isa = PBXFrameworksBuildPhase;
			buildActionMask = 2147483647;
			files = (
			);
			runOnlyForDeploymentPostprocessing = 0;
		};
		B34182E31FE94431001AD3A3 /* Frameworks */ = {
			isa = PBXFrameworksBuildPhase;
			buildActionMask = 2147483647;
			files = (
				B32565C420F4A90B009E5C68 /* SwiftPullToRefresh.framework in Frameworks */,
			);
			runOnlyForDeploymentPostprocessing = 0;
		};
/* End PBXFrameworksBuildPhase section */

/* Begin PBXGroup section */
		B34182CD1FE943AD001AD3A3 = {
			isa = PBXGroup;
			children = (
				B34182D91FE943AD001AD3A3 /* SwiftPullToRefresh */,
				B34182E71FE94431001AD3A3 /* SwiftPullToRefreshDemo */,
				B34182D81FE943AD001AD3A3 /* Products */,
				B3C4C45C1FEB9462009A8A5E /* Frameworks */,
			);
			sourceTree = "<group>";
		};
		B34182D81FE943AD001AD3A3 /* Products */ = {
			isa = PBXGroup;
			children = (
				B34182D71FE943AD001AD3A3 /* SwiftPullToRefresh.framework */,
				B34182E61FE94431001AD3A3 /* SwiftPullToRefreshDemo.app */,
			);
			name = Products;
			sourceTree = "<group>";
		};
		B34182D91FE943AD001AD3A3 /* SwiftPullToRefresh */ = {
			isa = PBXGroup;
			children = (
				B34182DA1FE943AD001AD3A3 /* SwiftPullToRefresh.h */,
				B34182DB1FE943AD001AD3A3 /* Info.plist */,
				B34182F81FE944A2001AD3A3 /* UIScrollView+Extensions.swift */,
				B32565C920F4AD09009E5C68 /* UIView+Extensions.swift */,
				B34182FA1FE94572001AD3A3 /* RefreshView.swift */,
				B3C3A6241FEA9C5000C1E49E /* IndicatorView.swift */,
				B3C3A6261FEAAEC500C1E49E /* TextView.swift */,
				B3C4C4561FEB8E2A009A8A5E /* GIFHeader.swift */,
				B3D6CBB81FEB9591005D231C /* GIFTextHeader.swift */,
				B3BD3ABA1FEBA53B0027AAF5 /* IndicatorAutoFooter.swift */,
				B3BD3ABC1FEBA6AD0027AAF5 /* TextAutoFooter.swift */,
			);
			path = SwiftPullToRefresh;
			sourceTree = "<group>";
		};
		B34182E71FE94431001AD3A3 /* SwiftPullToRefreshDemo */ = {
			isa = PBXGroup;
			children = (
				B34182E81FE94431001AD3A3 /* AppDelegate.swift */,
				B34182EA1FE94431001AD3A3 /* ViewController.swift */,
				B34182FE1FE94A98001AD3A3 /* TestViewController.swift */,
				B3D6CBBA1FEB977F005D231C /* SuperCatHeader.swift */,
				B3C4C4591FEB93A9009A8A5E /* demo-big.gif */,
				B3C4C4581FEB93A9009A8A5E /* demo-small.gif */,
				B34182EC1FE94431001AD3A3 /* Main.storyboard */,
				B34182EF1FE94431001AD3A3 /* Assets.xcassets */,
				B34182F11FE94431001AD3A3 /* LaunchScreen.storyboard */,
				B34182F41FE94431001AD3A3 /* Info.plist */,
			);
			path = SwiftPullToRefreshDemo;
			sourceTree = "<group>";
		};
		B3C4C45C1FEB9462009A8A5E /* Frameworks */ = {
			isa = PBXGroup;
			children = (
			);
			name = Frameworks;
			sourceTree = "<group>";
		};
/* End PBXGroup section */

/* Begin PBXHeadersBuildPhase section */
		B34182D41FE943AD001AD3A3 /* Headers */ = {
			isa = PBXHeadersBuildPhase;
			buildActionMask = 2147483647;
			files = (
				B34182DC1FE943AD001AD3A3 /* SwiftPullToRefresh.h in Headers */,
			);
			runOnlyForDeploymentPostprocessing = 0;
		};
/* End PBXHeadersBuildPhase section */

/* Begin PBXNativeTarget section */
		B34182D61FE943AD001AD3A3 /* SwiftPullToRefresh */ = {
			isa = PBXNativeTarget;
			buildConfigurationList = B34182DF1FE943AD001AD3A3 /* Build configuration list for PBXNativeTarget "SwiftPullToRefresh" */;
			buildPhases = (
				B34182D21FE943AD001AD3A3 /* Sources */,
				B34182D31FE943AD001AD3A3 /* Frameworks */,
				B34182D41FE943AD001AD3A3 /* Headers */,
				B34182D51FE943AD001AD3A3 /* Resources */,
			);
			buildRules = (
			);
			dependencies = (
			);
			name = SwiftPullToRefresh;
			productName = SwiftPullToRefresh;
			productReference = B34182D71FE943AD001AD3A3 /* SwiftPullToRefresh.framework */;
			productType = "com.apple.product-type.framework";
		};
		B34182E51FE94431001AD3A3 /* SwiftPullToRefreshDemo */ = {
			isa = PBXNativeTarget;
			buildConfigurationList = B34182F51FE94431001AD3A3 /* Build configuration list for PBXNativeTarget "SwiftPullToRefreshDemo" */;
			buildPhases = (
				B34182E21FE94431001AD3A3 /* Sources */,
				B34182E31FE94431001AD3A3 /* Frameworks */,
				B34182E41FE94431001AD3A3 /* Resources */,
				B32565C820F4A90B009E5C68 /* Embed Frameworks */,
			);
			buildRules = (
			);
			dependencies = (
				B32565C720F4A90B009E5C68 /* PBXTargetDependency */,
			);
			name = SwiftPullToRefreshDemo;
			productName = SwiftPullToRefreshDemo;
			productReference = B34182E61FE94431001AD3A3 /* SwiftPullToRefreshDemo.app */;
			productType = "com.apple.product-type.application";
		};
/* End PBXNativeTarget section */

/* Begin PBXProject section */
		B34182CE1FE943AD001AD3A3 /* Project object */ = {
			isa = PBXProject;
			attributes = {
				LastSwiftUpdateCheck = 0920;
				LastUpgradeCheck = 0930;
				ORGANIZATIONNAME = Wiredcraft;
				TargetAttributes = {
					B34182D61FE943AD001AD3A3 = {
						CreatedOnToolsVersion = 9.2;
						LastSwiftMigration = 0920;
						ProvisioningStyle = Automatic;
					};
					B34182E51FE94431001AD3A3 = {
						CreatedOnToolsVersion = 9.2;
						ProvisioningStyle = Automatic;
					};
				};
			};
			buildConfigurationList = B34182D11FE943AD001AD3A3 /* Build configuration list for PBXProject "SwiftPullToRefresh" */;
			compatibilityVersion = "Xcode 8.0";
			developmentRegion = en;
			hasScannedForEncodings = 0;
			knownRegions = (
				en,
				Base,
			);
			mainGroup = B34182CD1FE943AD001AD3A3;
			productRefGroup = B34182D81FE943AD001AD3A3 /* Products */;
			projectDirPath = "";
			projectRoot = "";
			targets = (
				B34182D61FE943AD001AD3A3 /* SwiftPullToRefresh */,
				B34182E51FE94431001AD3A3 /* SwiftPullToRefreshDemo */,
			);
		};
/* End PBXProject section */

/* Begin PBXResourcesBuildPhase section */
		B34182D51FE943AD001AD3A3 /* Resources */ = {
			isa = PBXResourcesBuildPhase;
			buildActionMask = 2147483647;
			files = (
			);
			runOnlyForDeploymentPostprocessing = 0;
		};
		B34182E41FE94431001AD3A3 /* Resources */ = {
			isa = PBXResourcesBuildPhase;
			buildActionMask = 2147483647;
			files = (
				B34182F31FE94431001AD3A3 /* LaunchScreen.storyboard in Resources */,
				B3C4C45A1FEB93A9009A8A5E /* demo-small.gif in Resources */,
				B34182F01FE94431001AD3A3 /* Assets.xcassets in Resources */,
				B34182EE1FE94431001AD3A3 /* Main.storyboard in Resources */,
				B3C4C45B1FEB93A9009A8A5E /* demo-big.gif in Resources */,
			);
			runOnlyForDeploymentPostprocessing = 0;
		};
/* End PBXResourcesBuildPhase section */

/* Begin PBXSourcesBuildPhase section */
		B34182D21FE943AD001AD3A3 /* Sources */ = {
			isa = PBXSourcesBuildPhase;
			buildActionMask = 2147483647;
			files = (
				B34182FB1FE94572001AD3A3 /* RefreshView.swift in Sources */,
				B3D6CBB91FEB9591005D231C /* GIFTextHeader.swift in Sources */,
				B3C3A6271FEAAEC500C1E49E /* TextView.swift in Sources */,
				B32565CA20F4AD09009E5C68 /* UIView+Extensions.swift in Sources */,
				B3BD3ABD1FEBA6AD0027AAF5 /* TextAutoFooter.swift in Sources */,
				B3C3A6251FEA9C5000C1E49E /* IndicatorView.swift in Sources */,
				B34182F91FE944A2001AD3A3 /* UIScrollView+Extensions.swift in Sources */,
				B3C4C4571FEB8E2A009A8A5E /* GIFHeader.swift in Sources */,
				B3BD3ABB1FEBA53B0027AAF5 /* IndicatorAutoFooter.swift in Sources */,
			);
			runOnlyForDeploymentPostprocessing = 0;
		};
		B34182E21FE94431001AD3A3 /* Sources */ = {
			isa = PBXSourcesBuildPhase;
			buildActionMask = 2147483647;
			files = (
				B34182EB1FE94431001AD3A3 /* ViewController.swift in Sources */,
				B34182FF1FE94A98001AD3A3 /* TestViewController.swift in Sources */,
				B34182E91FE94431001AD3A3 /* AppDelegate.swift in Sources */,
				B3D6CBBB1FEB977F005D231C /* SuperCatHeader.swift in Sources */,
			);
			runOnlyForDeploymentPostprocessing = 0;
		};
/* End PBXSourcesBuildPhase section */

/* Begin PBXTargetDependency section */
		B32565C720F4A90B009E5C68 /* PBXTargetDependency */ = {
			isa = PBXTargetDependency;
			target = B34182D61FE943AD001AD3A3 /* SwiftPullToRefresh */;
			targetProxy = B32565C620F4A90B009E5C68 /* PBXContainerItemProxy */;
		};
/* End PBXTargetDependency section */

/* Begin PBXVariantGroup section */
		B34182EC1FE94431001AD3A3 /* Main.storyboard */ = {
			isa = PBXVariantGroup;
			children = (
				B34182ED1FE94431001AD3A3 /* Base */,
			);
			name = Main.storyboard;
			sourceTree = "<group>";
		};
		B34182F11FE94431001AD3A3 /* LaunchScreen.storyboard */ = {
			isa = PBXVariantGroup;
			children = (
				B34182F21FE94431001AD3A3 /* Base */,
			);
			name = LaunchScreen.storyboard;
			sourceTree = "<group>";
		};
/* End PBXVariantGroup section */

/* Begin XCBuildConfiguration section */
		B34182DD1FE943AD001AD3A3 /* Debug */ = {
			isa = XCBuildConfiguration;
			buildSettings = {
				ALWAYS_SEARCH_USER_PATHS = NO;
				CLANG_ANALYZER_NONNULL = YES;
				CLANG_ANALYZER_NUMBER_OBJECT_CONVERSION = YES_AGGRESSIVE;
				CLANG_CXX_LANGUAGE_STANDARD = "gnu++14";
				CLANG_CXX_LIBRARY = "libc++";
				CLANG_ENABLE_MODULES = YES;
				CLANG_ENABLE_OBJC_ARC = YES;
				CLANG_WARN_BLOCK_CAPTURE_AUTORELEASING = YES;
				CLANG_WARN_BOOL_CONVERSION = YES;
				CLANG_WARN_COMMA = YES;
				CLANG_WARN_CONSTANT_CONVERSION = YES;
				CLANG_WARN_DEPRECATED_OBJC_IMPLEMENTATIONS = YES;
				CLANG_WARN_DIRECT_OBJC_ISA_USAGE = YES_ERROR;
				CLANG_WARN_DOCUMENTATION_COMMENTS = YES;
				CLANG_WARN_EMPTY_BODY = YES;
				CLANG_WARN_ENUM_CONVERSION = YES;
				CLANG_WARN_INFINITE_RECURSION = YES;
				CLANG_WARN_INT_CONVERSION = YES;
				CLANG_WARN_NON_LITERAL_NULL_CONVERSION = YES;
				CLANG_WARN_OBJC_IMPLICIT_RETAIN_SELF = YES;
				CLANG_WARN_OBJC_LITERAL_CONVERSION = YES;
				CLANG_WARN_OBJC_ROOT_CLASS = YES_ERROR;
				CLANG_WARN_RANGE_LOOP_ANALYSIS = YES;
				CLANG_WARN_STRICT_PROTOTYPES = YES;
				CLANG_WARN_SUSPICIOUS_MOVE = YES;
				CLANG_WARN_UNGUARDED_AVAILABILITY = YES_AGGRESSIVE;
				CLANG_WARN_UNREACHABLE_CODE = YES;
				CLANG_WARN__DUPLICATE_METHOD_MATCH = YES;
				CODE_SIGN_IDENTITY = "iPhone Developer";
				COPY_PHASE_STRIP = NO;
				CURRENT_PROJECT_VERSION = 1;
				DEBUG_INFORMATION_FORMAT = dwarf;
				ENABLE_STRICT_OBJC_MSGSEND = YES;
				ENABLE_TESTABILITY = YES;
				GCC_C_LANGUAGE_STANDARD = gnu11;
				GCC_DYNAMIC_NO_PIC = NO;
				GCC_NO_COMMON_BLOCKS = YES;
				GCC_OPTIMIZATION_LEVEL = 0;
				GCC_PREPROCESSOR_DEFINITIONS = (
					"DEBUG=1",
					"$(inherited)",
				);
				GCC_WARN_64_TO_32_BIT_CONVERSION = YES;
				GCC_WARN_ABOUT_RETURN_TYPE = YES_ERROR;
				GCC_WARN_UNDECLARED_SELECTOR = YES;
				GCC_WARN_UNINITIALIZED_AUTOS = YES_AGGRESSIVE;
				GCC_WARN_UNUSED_FUNCTION = YES;
				GCC_WARN_UNUSED_VARIABLE = YES;
				IPHONEOS_DEPLOYMENT_TARGET = 11.2;
				MTL_ENABLE_DEBUG_INFO = YES;
				ONLY_ACTIVE_ARCH = YES;
				SDKROOT = iphoneos;
				SWIFT_ACTIVE_COMPILATION_CONDITIONS = DEBUG;
				SWIFT_OPTIMIZATION_LEVEL = "-Onone";
				VERSIONING_SYSTEM = "apple-generic";
				VERSION_INFO_PREFIX = "";
			};
			name = Debug;
		};
		B34182DE1FE943AD001AD3A3 /* Release */ = {
			isa = XCBuildConfiguration;
			buildSettings = {
				ALWAYS_SEARCH_USER_PATHS = NO;
				CLANG_ANALYZER_NONNULL = YES;
				CLANG_ANALYZER_NUMBER_OBJECT_CONVERSION = YES_AGGRESSIVE;
				CLANG_CXX_LANGUAGE_STANDARD = "gnu++14";
				CLANG_CXX_LIBRARY = "libc++";
				CLANG_ENABLE_MODULES = YES;
				CLANG_ENABLE_OBJC_ARC = YES;
				CLANG_WARN_BLOCK_CAPTURE_AUTORELEASING = YES;
				CLANG_WARN_BOOL_CONVERSION = YES;
				CLANG_WARN_COMMA = YES;
				CLANG_WARN_CONSTANT_CONVERSION = YES;
				CLANG_WARN_DEPRECATED_OBJC_IMPLEMENTATIONS = YES;
				CLANG_WARN_DIRECT_OBJC_ISA_USAGE = YES_ERROR;
				CLANG_WARN_DOCUMENTATION_COMMENTS = YES;
				CLANG_WARN_EMPTY_BODY = YES;
				CLANG_WARN_ENUM_CONVERSION = YES;
				CLANG_WARN_INFINITE_RECURSION = YES;
				CLANG_WARN_INT_CONVERSION = YES;
				CLANG_WARN_NON_LITERAL_NULL_CONVERSION = YES;
				CLANG_WARN_OBJC_IMPLICIT_RETAIN_SELF = YES;
				CLANG_WARN_OBJC_LITERAL_CONVERSION = YES;
				CLANG_WARN_OBJC_ROOT_CLASS = YES_ERROR;
				CLANG_WARN_RANGE_LOOP_ANALYSIS = YES;
				CLANG_WARN_STRICT_PROTOTYPES = YES;
				CLANG_WARN_SUSPICIOUS_MOVE = YES;
				CLANG_WARN_UNGUARDED_AVAILABILITY = YES_AGGRESSIVE;
				CLANG_WARN_UNREACHABLE_CODE = YES;
				CLANG_WARN__DUPLICATE_METHOD_MATCH = YES;
				CODE_SIGN_IDENTITY = "iPhone Developer";
				COPY_PHASE_STRIP = NO;
				CURRENT_PROJECT_VERSION = 1;
				DEBUG_INFORMATION_FORMAT = "dwarf-with-dsym";
				ENABLE_NS_ASSERTIONS = NO;
				ENABLE_STRICT_OBJC_MSGSEND = YES;
				GCC_C_LANGUAGE_STANDARD = gnu11;
				GCC_NO_COMMON_BLOCKS = YES;
				GCC_WARN_64_TO_32_BIT_CONVERSION = YES;
				GCC_WARN_ABOUT_RETURN_TYPE = YES_ERROR;
				GCC_WARN_UNDECLARED_SELECTOR = YES;
				GCC_WARN_UNINITIALIZED_AUTOS = YES_AGGRESSIVE;
				GCC_WARN_UNUSED_FUNCTION = YES;
				GCC_WARN_UNUSED_VARIABLE = YES;
				IPHONEOS_DEPLOYMENT_TARGET = 11.2;
				MTL_ENABLE_DEBUG_INFO = NO;
				SDKROOT = iphoneos;
				SWIFT_OPTIMIZATION_LEVEL = "-Owholemodule";
				VALIDATE_PRODUCT = YES;
				VERSIONING_SYSTEM = "apple-generic";
				VERSION_INFO_PREFIX = "";
			};
			name = Release;
		};
		B34182E01FE943AD001AD3A3 /* Debug */ = {
			isa = XCBuildConfiguration;
			buildSettings = {
				CLANG_ENABLE_MODULES = YES;
				CODE_SIGN_IDENTITY = "iPhone Developer";
				CODE_SIGN_STYLE = Automatic;
				DEFINES_MODULE = YES;
				DEVELOPMENT_TEAM = "";
				DYLIB_COMPATIBILITY_VERSION = 1;
				DYLIB_CURRENT_VERSION = 1;
				DYLIB_INSTALL_NAME_BASE = "@rpath";
				INFOPLIST_FILE = SwiftPullToRefresh/Info.plist;
				INSTALL_PATH = "$(LOCAL_LIBRARY_DIR)/Frameworks";
				IPHONEOS_DEPLOYMENT_TARGET = 8.0;
				LD_RUNPATH_SEARCH_PATHS = "$(inherited) @executable_path/Frameworks @loader_path/Frameworks";
				PRODUCT_BUNDLE_IDENTIFIER = com.wiredcraft.SwiftPullToRefresh;
				PRODUCT_NAME = "$(TARGET_NAME:c99extidentifier)";
				SKIP_INSTALL = YES;
				SWIFT_OPTIMIZATION_LEVEL = "-Onone";
				SWIFT_VERSION = 4.0;
				TARGETED_DEVICE_FAMILY = "1,2";
			};
			name = Debug;
		};
		B34182E11FE943AD001AD3A3 /* Release */ = {
			isa = XCBuildConfiguration;
			buildSettings = {
				CLANG_ENABLE_MODULES = YES;
				CODE_SIGN_IDENTITY = "";
				CODE_SIGN_STYLE = Automatic;
				DEFINES_MODULE = YES;
				DEVELOPMENT_TEAM = "";
				DYLIB_COMPATIBILITY_VERSION = 1;
				DYLIB_CURRENT_VERSION = 1;
				DYLIB_INSTALL_NAME_BASE = "@rpath";
				INFOPLIST_FILE = SwiftPullToRefresh/Info.plist;
				INSTALL_PATH = "$(LOCAL_LIBRARY_DIR)/Frameworks";
				IPHONEOS_DEPLOYMENT_TARGET = 8.0;
				LD_RUNPATH_SEARCH_PATHS = "$(inherited) @executable_path/Frameworks @loader_path/Frameworks";
				PRODUCT_BUNDLE_IDENTIFIER = com.wiredcraft.SwiftPullToRefresh;
				PRODUCT_NAME = "$(TARGET_NAME:c99extidentifier)";
				SKIP_INSTALL = YES;
				SWIFT_VERSION = 4.0;
				TARGETED_DEVICE_FAMILY = "1,2";
			};
			name = Release;
		};
		B34182F61FE94431001AD3A3 /* Debug */ = {
			isa = XCBuildConfiguration;
			buildSettings = {
				ALWAYS_EMBED_SWIFT_STANDARD_LIBRARIES = YES;
				ASSETCATALOG_COMPILER_APPICON_NAME = AppIcon;
				CODE_SIGN_STYLE = Automatic;
				DEVELOPMENT_TEAM = "";
				INFOPLIST_FILE = SwiftPullToRefreshDemo/Info.plist;
				IPHONEOS_DEPLOYMENT_TARGET = 8.0;
				LD_RUNPATH_SEARCH_PATHS = "$(inherited) @executable_path/Frameworks";
				PRODUCT_BUNDLE_IDENTIFIER = com.wiredcraft.SwiftPullToRefreshDemo;
				PRODUCT_NAME = "$(TARGET_NAME)";
				SWIFT_VERSION = 4.0;
				TARGETED_DEVICE_FAMILY = 1;
			};
			name = Debug;
		};
		B34182F71FE94431001AD3A3 /* Release */ = {
			isa = XCBuildConfiguration;
			buildSettings = {
				ALWAYS_EMBED_SWIFT_STANDARD_LIBRARIES = YES;
				ASSETCATALOG_COMPILER_APPICON_NAME = AppIcon;
				CODE_SIGN_STYLE = Automatic;
				DEVELOPMENT_TEAM = "";
				INFOPLIST_FILE = SwiftPullToRefreshDemo/Info.plist;
				IPHONEOS_DEPLOYMENT_TARGET = 8.0;
				LD_RUNPATH_SEARCH_PATHS = "$(inherited) @executable_path/Frameworks";
				PRODUCT_BUNDLE_IDENTIFIER = com.wiredcraft.SwiftPullToRefreshDemo;
				PRODUCT_NAME = "$(TARGET_NAME)";
				SWIFT_VERSION = 4.0;
				TARGETED_DEVICE_FAMILY = 1;
			};
			name = Release;
		};
/* End XCBuildConfiguration section */

/* Begin XCConfigurationList section */
		B34182D11FE943AD001AD3A3 /* Build configuration list for PBXProject "SwiftPullToRefresh" */ = {
			isa = XCConfigurationList;
			buildConfigurations = (
				B34182DD1FE943AD001AD3A3 /* Debug */,
				B34182DE1FE943AD001AD3A3 /* Release */,
			);
			defaultConfigurationIsVisible = 0;
			defaultConfigurationName = Release;
		};
		B34182DF1FE943AD001AD3A3 /* Build configuration list for PBXNativeTarget "SwiftPullToRefresh" */ = {
			isa = XCConfigurationList;
			buildConfigurations = (
				B34182E01FE943AD001AD3A3 /* Debug */,
				B34182E11FE943AD001AD3A3 /* Release */,
			);
			defaultConfigurationIsVisible = 0;
			defaultConfigurationName = Release;
		};
		B34182F51FE94431001AD3A3 /* Build configuration list for PBXNativeTarget "SwiftPullToRefreshDemo" */ = {
			isa = XCConfigurationList;
			buildConfigurations = (
				B34182F61FE94431001AD3A3 /* Debug */,
				B34182F71FE94431001AD3A3 /* Release */,
			);
			defaultConfigurationIsVisible = 0;
			defaultConfigurationName = Release;
		};
/* End XCConfigurationList section */
	};
	rootObject = B34182CE1FE943AD001AD3A3 /* Project object */;
}
